// !$*UTF8*$!
{
	archiveVersion = 1;
	classes = {
	};
	objectVersion = 56;
	objects = {

/* Begin PBXBuildFile section */
		65051545299102C900EAB3E0 /* tuple_simd.cpp in Sources */ = {isa = PBXBuildFile; fileRef = 65051543299102C900EAB3E0 /* tuple_simd.cpp */; };
		65051546299102C900EAB3E0 /* tuple_simd.hpp in Headers */ = {isa = PBXBuildFile; fileRef = 65051544299102C900EAB3E0 /* tuple_simd.hpp */; };
		65051548299605B200EAB3E0 /* matrix.hpp in Headers */ = {isa = PBXBuildFile; fileRef = 65051547299605B200EAB3E0 /* matrix.hpp */; };
		65051553299623BD00EAB3E0 /* matrix_simd.hpp in Headers */ = {isa = PBXBuildFile; fileRef = 65051551299623BC00EAB3E0 /* matrix_simd.hpp */; };
		65051554299623BD00EAB3E0 /* matrix_simd.cpp in Sources */ = {isa = PBXBuildFile; fileRef = 65051552299623BD00EAB3E0 /* matrix_simd.cpp */; };
		650515572998AA5D00EAB3E0 /* world.cpp in Sources */ = {isa = PBXBuildFile; fileRef = 650515552998AA5D00EAB3E0 /* world.cpp */; };
		650515582998AA5D00EAB3E0 /* world.hpp in Headers */ = {isa = PBXBuildFile; fileRef = 650515562998AA5D00EAB3E0 /* world.hpp */; };
		6505155A2998AA8100EAB3E0 /* world_test.cpp in Sources */ = {isa = PBXBuildFile; fileRef = 650515592998AA8100EAB3E0 /* world_test.cpp */; };
		65587F6A2973C45100485127 /* transformations.cpp in Sources */ = {isa = PBXBuildFile; fileRef = 65587F682973C45100485127 /* transformations.cpp */; };
		65587F6B2973C45100485127 /* transformations.hpp in Headers */ = {isa = PBXBuildFile; fileRef = 65587F692973C45100485127 /* transformations.hpp */; };
		65587F6D2973C4D900485127 /* transformation_test.cpp in Sources */ = {isa = PBXBuildFile; fileRef = 65587F6C2973C4D900485127 /* transformation_test.cpp */; };
		65587F702983925400485127 /* ray.cpp in Sources */ = {isa = PBXBuildFile; fileRef = 65587F6E2983925400485127 /* ray.cpp */; };
		65587F712983925400485127 /* ray.hpp in Headers */ = {isa = PBXBuildFile; fileRef = 65587F6F2983925400485127 /* ray.hpp */; };
		65587F73298392EB00485127 /* ray_tests.cpp in Sources */ = {isa = PBXBuildFile; fileRef = 65587F72298392EB00485127 /* ray_tests.cpp */; };
		65587F76298397D000485127 /* object.cpp in Sources */ = {isa = PBXBuildFile; fileRef = 65587F74298397D000485127 /* object.cpp */; };
		65587F77298397D000485127 /* object.hpp in Headers */ = {isa = PBXBuildFile; fileRef = 65587F75298397D000485127 /* object.hpp */; };
		65587F79298398E000485127 /* object_test.cpp in Sources */ = {isa = PBXBuildFile; fileRef = 65587F78298398E000485127 /* object_test.cpp */; };
		65B1E56A294E9AF8008BF2DE /* main.cpp in Sources */ = {isa = PBXBuildFile; fileRef = 65B1E569294E9AF8008BF2DE /* main.cpp */; };
		65B1E577294E9B48008BF2DE /* main.cpp in Sources */ = {isa = PBXBuildFile; fileRef = 65B1E576294E9B48008BF2DE /* main.cpp */; };
		65B1E582294E9BCC008BF2DE /* raytracer_lib.hpp in Headers */ = {isa = PBXBuildFile; fileRef = 65B1E581294E9BCC008BF2DE /* raytracer_lib.hpp */; };
		65B1E586294E9BCC008BF2DE /* raytracer_lib.cpp in Sources */ = {isa = PBXBuildFile; fileRef = 65B1E585294E9BCC008BF2DE /* raytracer_lib.cpp */; };
		65B1E58D294E9BFB008BF2DE /* libraytracer-lib.a in Frameworks */ = {isa = PBXBuildFile; fileRef = 65B1E57F294E9BCC008BF2DE /* libraytracer-lib.a */; };
		65B1E590294E9CCE008BF2DE /* libraytracer-lib.a in Frameworks */ = {isa = PBXBuildFile; fileRef = 65B1E57F294E9BCC008BF2DE /* libraytracer-lib.a */; };
		65B1E592294E9D7A008BF2DE /* default_test.cpp in Sources */ = {isa = PBXBuildFile; fileRef = 65B1E591294E9D7A008BF2DE /* default_test.cpp */; };
		65B9774E299F48F300AB4A79 /* camera.cpp in Sources */ = {isa = PBXBuildFile; fileRef = 65B9774C299F48F300AB4A79 /* camera.cpp */; };
		65B9774F299F48F300AB4A79 /* camera.hpp in Headers */ = {isa = PBXBuildFile; fileRef = 65B9774D299F48F300AB4A79 /* camera.hpp */; };
		65B97751299F4E0100AB4A79 /* camera_test.cpp in Sources */ = {isa = PBXBuildFile; fileRef = 65B97750299F4E0100AB4A79 /* camera_test.cpp */; };
		65B9775429A1B17E00AB4A79 /* intersection.cpp in Sources */ = {isa = PBXBuildFile; fileRef = 65B9775229A1B17E00AB4A79 /* intersection.cpp */; };
		65B9775529A1B17E00AB4A79 /* intersection.hpp in Headers */ = {isa = PBXBuildFile; fileRef = 65B9775329A1B17E00AB4A79 /* intersection.hpp */; };
		65CA49B7298D1929008302BA /* lighting.cpp in Sources */ = {isa = PBXBuildFile; fileRef = 65CA49B5298D1929008302BA /* lighting.cpp */; };
		65CA49B8298D1929008302BA /* lighting.hpp in Headers */ = {isa = PBXBuildFile; fileRef = 65CA49B6298D1929008302BA /* lighting.hpp */; };
		65CA49BA298D1A50008302BA /* lighting_test.cpp in Sources */ = {isa = PBXBuildFile; fileRef = 65CA49B9298D1A50008302BA /* lighting_test.cpp */; };
		65E6B2E9294EA43900F98D69 /* tuple_raw.cpp in Sources */ = {isa = PBXBuildFile; fileRef = 65E6B2E7294EA43900F98D69 /* tuple_raw.cpp */; };
		65E6B2EA294EA43900F98D69 /* tuple_raw.hpp in Headers */ = {isa = PBXBuildFile; fileRef = 65E6B2E8294EA43900F98D69 /* tuple_raw.hpp */; };
		65E6B2EC294EA63000F98D69 /* tuple_test.cpp in Sources */ = {isa = PBXBuildFile; fileRef = 65E6B2EB294EA63000F98D69 /* tuple_test.cpp */; };
		65E6B2EF29553DBC00F98D69 /* colour_test.cpp in Sources */ = {isa = PBXBuildFile; fileRef = 65E6B2EE29553DBC00F98D69 /* colour_test.cpp */; };
		65E6B2F129553E4E00F98D69 /* colour.cpp in Sources */ = {isa = PBXBuildFile; fileRef = 65E6B2F029553E4E00F98D69 /* colour.cpp */; };
		65E6B2F4295547CD00F98D69 /* canvas.cpp in Sources */ = {isa = PBXBuildFile; fileRef = 65E6B2F2295547CD00F98D69 /* canvas.cpp */; };
		65E6B2F5295547CD00F98D69 /* canvas.hpp in Headers */ = {isa = PBXBuildFile; fileRef = 65E6B2F3295547CD00F98D69 /* canvas.hpp */; };
		65E6B2F7295548A300F98D69 /* canvas_test.cpp in Sources */ = {isa = PBXBuildFile; fileRef = 65E6B2F6295548A300F98D69 /* canvas_test.cpp */; };
		65E6B2FA2955925800F98D69 /* matrix_raw.cpp in Sources */ = {isa = PBXBuildFile; fileRef = 65E6B2F82955925800F98D69 /* matrix_raw.cpp */; };
		65E6B2FB2955925800F98D69 /* matrix_raw.hpp in Headers */ = {isa = PBXBuildFile; fileRef = 65E6B2F92955925800F98D69 /* matrix_raw.hpp */; };
		65E6B2FD295595FB00F98D69 /* matrix_test.cpp in Sources */ = {isa = PBXBuildFile; fileRef = 65E6B2FC295595FB00F98D69 /* matrix_test.cpp */; };
/* End PBXBuildFile section */

/* Begin PBXContainerItemProxy section */
		65B1E58A294E9BEE008BF2DE /* PBXContainerItemProxy */ = {
			isa = PBXContainerItemProxy;
			containerPortal = 65B1E55E294E9AF8008BF2DE /* Project object */;
			proxyType = 1;
			remoteGlobalIDString = 65B1E57E294E9BCC008BF2DE;
			remoteInfo = "raytracer-lib";
		};
		65B1E58E294E9CCB008BF2DE /* PBXContainerItemProxy */ = {
			isa = PBXContainerItemProxy;
			containerPortal = 65B1E55E294E9AF8008BF2DE /* Project object */;
			proxyType = 1;
			remoteGlobalIDString = 65B1E57E294E9BCC008BF2DE;
			remoteInfo = "raytracer-lib";
		};
/* End PBXContainerItemProxy section */

/* Begin PBXCopyFilesBuildPhase section */
		65B1E564294E9AF8008BF2DE /* CopyFiles */ = {
			isa = PBXCopyFilesBuildPhase;
			buildActionMask = 2147483647;
			dstPath = /usr/share/man/man1/;
			dstSubfolderSpec = 0;
			files = (
			);
			runOnlyForDeploymentPostprocessing = 1;
		};
		65B1E572294E9B48008BF2DE /* CopyFiles */ = {
			isa = PBXCopyFilesBuildPhase;
			buildActionMask = 2147483647;
			dstPath = /usr/share/man/man1/;
			dstSubfolderSpec = 0;
			files = (
			);
			runOnlyForDeploymentPostprocessing = 1;
		};
/* End PBXCopyFilesBuildPhase section */

/* Begin PBXFileReference section */
		65051543299102C900EAB3E0 /* tuple_simd.cpp */ = {isa = PBXFileReference; fileEncoding = 4; lastKnownFileType = sourcecode.cpp.cpp; path = tuple_simd.cpp; sourceTree = "<group>"; };
		65051544299102C900EAB3E0 /* tuple_simd.hpp */ = {isa = PBXFileReference; fileEncoding = 4; lastKnownFileType = sourcecode.cpp.h; path = tuple_simd.hpp; sourceTree = "<group>"; };
		65051547299605B200EAB3E0 /* matrix.hpp */ = {isa = PBXFileReference; lastKnownFileType = sourcecode.cpp.h; path = matrix.hpp; sourceTree = "<group>"; };
		65051551299623BC00EAB3E0 /* matrix_simd.hpp */ = {isa = PBXFileReference; fileEncoding = 4; lastKnownFileType = sourcecode.cpp.h; path = matrix_simd.hpp; sourceTree = "<group>"; };
		65051552299623BD00EAB3E0 /* matrix_simd.cpp */ = {isa = PBXFileReference; fileEncoding = 4; lastKnownFileType = sourcecode.cpp.cpp; path = matrix_simd.cpp; sourceTree = "<group>"; };
		650515552998AA5D00EAB3E0 /* world.cpp */ = {isa = PBXFileReference; lastKnownFileType = sourcecode.cpp.cpp; path = world.cpp; sourceTree = "<group>"; };
		650515562998AA5D00EAB3E0 /* world.hpp */ = {isa = PBXFileReference; lastKnownFileType = sourcecode.cpp.h; path = world.hpp; sourceTree = "<group>"; };
		650515592998AA8100EAB3E0 /* world_test.cpp */ = {isa = PBXFileReference; lastKnownFileType = sourcecode.cpp.cpp; path = world_test.cpp; sourceTree = "<group>"; };
		65587F682973C45100485127 /* transformations.cpp */ = {isa = PBXFileReference; lastKnownFileType = sourcecode.cpp.cpp; path = transformations.cpp; sourceTree = "<group>"; };
		65587F692973C45100485127 /* transformations.hpp */ = {isa = PBXFileReference; lastKnownFileType = sourcecode.cpp.h; path = transformations.hpp; sourceTree = "<group>"; };
		65587F6C2973C4D900485127 /* transformation_test.cpp */ = {isa = PBXFileReference; lastKnownFileType = sourcecode.cpp.cpp; path = transformation_test.cpp; sourceTree = "<group>"; };
		65587F6E2983925400485127 /* ray.cpp */ = {isa = PBXFileReference; lastKnownFileType = sourcecode.cpp.cpp; path = ray.cpp; sourceTree = "<group>"; };
		65587F6F2983925400485127 /* ray.hpp */ = {isa = PBXFileReference; lastKnownFileType = sourcecode.cpp.h; path = ray.hpp; sourceTree = "<group>"; };
		65587F72298392EB00485127 /* ray_tests.cpp */ = {isa = PBXFileReference; lastKnownFileType = sourcecode.cpp.cpp; path = ray_tests.cpp; sourceTree = "<group>"; };
		65587F74298397D000485127 /* object.cpp */ = {isa = PBXFileReference; lastKnownFileType = sourcecode.cpp.cpp; path = object.cpp; sourceTree = "<group>"; };
		65587F75298397D000485127 /* object.hpp */ = {isa = PBXFileReference; lastKnownFileType = sourcecode.cpp.h; path = object.hpp; sourceTree = "<group>"; };
		65587F78298398E000485127 /* object_test.cpp */ = {isa = PBXFileReference; lastKnownFileType = sourcecode.cpp.cpp; path = object_test.cpp; sourceTree = "<group>"; };
		65B1E566294E9AF8008BF2DE /* raytracer */ = {isa = PBXFileReference; explicitFileType = "compiled.mach-o.executable"; includeInIndex = 0; path = raytracer; sourceTree = BUILT_PRODUCTS_DIR; };
		65B1E569294E9AF8008BF2DE /* main.cpp */ = {isa = PBXFileReference; lastKnownFileType = sourcecode.cpp.cpp; path = main.cpp; sourceTree = "<group>"; };
		65B1E574294E9B48008BF2DE /* raytracer-tests */ = {isa = PBXFileReference; explicitFileType = "compiled.mach-o.executable"; includeInIndex = 0; path = "raytracer-tests"; sourceTree = BUILT_PRODUCTS_DIR; };
		65B1E576294E9B48008BF2DE /* main.cpp */ = {isa = PBXFileReference; lastKnownFileType = sourcecode.cpp.cpp; path = main.cpp; sourceTree = "<group>"; };
		65B1E57F294E9BCC008BF2DE /* libraytracer-lib.a */ = {isa = PBXFileReference; explicitFileType = archive.ar; includeInIndex = 0; path = "libraytracer-lib.a"; sourceTree = BUILT_PRODUCTS_DIR; };
		65B1E581294E9BCC008BF2DE /* raytracer_lib.hpp */ = {isa = PBXFileReference; lastKnownFileType = sourcecode.cpp.h; path = raytracer_lib.hpp; sourceTree = "<group>"; };
		65B1E585294E9BCC008BF2DE /* raytracer_lib.cpp */ = {isa = PBXFileReference; lastKnownFileType = sourcecode.cpp.cpp; path = raytracer_lib.cpp; sourceTree = "<group>"; };
		65B1E591294E9D7A008BF2DE /* default_test.cpp */ = {isa = PBXFileReference; lastKnownFileType = sourcecode.cpp.cpp; path = default_test.cpp; sourceTree = "<group>"; };
		65B9774C299F48F300AB4A79 /* camera.cpp */ = {isa = PBXFileReference; lastKnownFileType = sourcecode.cpp.cpp; path = camera.cpp; sourceTree = "<group>"; };
		65B9774D299F48F300AB4A79 /* camera.hpp */ = {isa = PBXFileReference; lastKnownFileType = sourcecode.cpp.h; path = camera.hpp; sourceTree = "<group>"; };
		65B97750299F4E0100AB4A79 /* camera_test.cpp */ = {isa = PBXFileReference; lastKnownFileType = sourcecode.cpp.cpp; path = camera_test.cpp; sourceTree = "<group>"; };
		65B9775229A1B17E00AB4A79 /* intersection.cpp */ = {isa = PBXFileReference; lastKnownFileType = sourcecode.cpp.cpp; path = intersection.cpp; sourceTree = "<group>"; };
		65B9775329A1B17E00AB4A79 /* intersection.hpp */ = {isa = PBXFileReference; lastKnownFileType = sourcecode.cpp.h; path = intersection.hpp; sourceTree = "<group>"; };
		65CA49B5298D1929008302BA /* lighting.cpp */ = {isa = PBXFileReference; lastKnownFileType = sourcecode.cpp.cpp; path = lighting.cpp; sourceTree = "<group>"; };
		65CA49B6298D1929008302BA /* lighting.hpp */ = {isa = PBXFileReference; lastKnownFileType = sourcecode.cpp.h; path = lighting.hpp; sourceTree = "<group>"; };
		65CA49B9298D1A50008302BA /* lighting_test.cpp */ = {isa = PBXFileReference; lastKnownFileType = sourcecode.cpp.cpp; path = lighting_test.cpp; sourceTree = "<group>"; };
		65CA49C12991000E008302BA /* tuple.hpp */ = {isa = PBXFileReference; lastKnownFileType = sourcecode.cpp.h; path = tuple.hpp; sourceTree = "<group>"; };
		65E6B2E7294EA43900F98D69 /* tuple_raw.cpp */ = {isa = PBXFileReference; lastKnownFileType = sourcecode.cpp.cpp; path = tuple_raw.cpp; sourceTree = "<group>"; };
		65E6B2E8294EA43900F98D69 /* tuple_raw.hpp */ = {isa = PBXFileReference; lastKnownFileType = sourcecode.cpp.h; path = tuple_raw.hpp; sourceTree = "<group>"; };
		65E6B2EB294EA63000F98D69 /* tuple_test.cpp */ = {isa = PBXFileReference; lastKnownFileType = sourcecode.cpp.cpp; path = tuple_test.cpp; sourceTree = "<group>"; };
		65E6B2ED29553D5300F98D69 /* colour.hpp */ = {isa = PBXFileReference; lastKnownFileType = sourcecode.cpp.h; path = colour.hpp; sourceTree = "<group>"; };
		65E6B2EE29553DBC00F98D69 /* colour_test.cpp */ = {isa = PBXFileReference; lastKnownFileType = sourcecode.cpp.cpp; path = colour_test.cpp; sourceTree = "<group>"; };
		65E6B2F029553E4E00F98D69 /* colour.cpp */ = {isa = PBXFileReference; lastKnownFileType = sourcecode.cpp.cpp; path = colour.cpp; sourceTree = "<group>"; };
		65E6B2F2295547CD00F98D69 /* canvas.cpp */ = {isa = PBXFileReference; lastKnownFileType = sourcecode.cpp.cpp; path = canvas.cpp; sourceTree = "<group>"; };
		65E6B2F3295547CD00F98D69 /* canvas.hpp */ = {isa = PBXFileReference; lastKnownFileType = sourcecode.cpp.h; path = canvas.hpp; sourceTree = "<group>"; };
		65E6B2F6295548A300F98D69 /* canvas_test.cpp */ = {isa = PBXFileReference; lastKnownFileType = sourcecode.cpp.cpp; path = canvas_test.cpp; sourceTree = "<group>"; };
		65E6B2F82955925800F98D69 /* matrix_raw.cpp */ = {isa = PBXFileReference; lastKnownFileType = sourcecode.cpp.cpp; path = matrix_raw.cpp; sourceTree = "<group>"; };
		65E6B2F92955925800F98D69 /* matrix_raw.hpp */ = {isa = PBXFileReference; lastKnownFileType = sourcecode.cpp.h; path = matrix_raw.hpp; sourceTree = "<group>"; };
		65E6B2FC295595FB00F98D69 /* matrix_test.cpp */ = {isa = PBXFileReference; lastKnownFileType = sourcecode.cpp.cpp; path = matrix_test.cpp; sourceTree = "<group>"; };
/* End PBXFileReference section */

/* Begin PBXFrameworksBuildPhase section */
		65B1E563294E9AF8008BF2DE /* Frameworks */ = {
			isa = PBXFrameworksBuildPhase;
			buildActionMask = 2147483647;
			files = (
				65B1E590294E9CCE008BF2DE /* libraytracer-lib.a in Frameworks */,
			);
			runOnlyForDeploymentPostprocessing = 0;
		};
		65B1E571294E9B48008BF2DE /* Frameworks */ = {
			isa = PBXFrameworksBuildPhase;
			buildActionMask = 2147483647;
			files = (
				65B1E58D294E9BFB008BF2DE /* libraytracer-lib.a in Frameworks */,
			);
			runOnlyForDeploymentPostprocessing = 0;
		};
		65B1E57D294E9BCC008BF2DE /* Frameworks */ = {
			isa = PBXFrameworksBuildPhase;
			buildActionMask = 2147483647;
			files = (
			);
			runOnlyForDeploymentPostprocessing = 0;
		};
/* End PBXFrameworksBuildPhase section */

/* Begin PBXGroup section */
		65B1E55D294E9AF8008BF2DE = {
			isa = PBXGroup;
			children = (
				65B1E568294E9AF8008BF2DE /* raytracer */,
				65B1E575294E9B48008BF2DE /* raytracer-tests */,
				65B1E580294E9BCC008BF2DE /* raytracer-lib */,
				65B1E567294E9AF8008BF2DE /* Products */,
				65B1E58C294E9BFB008BF2DE /* Frameworks */,
			);
			sourceTree = "<group>";
		};
		65B1E567294E9AF8008BF2DE /* Products */ = {
			isa = PBXGroup;
			children = (
				65B1E566294E9AF8008BF2DE /* raytracer */,
				65B1E574294E9B48008BF2DE /* raytracer-tests */,
				65B1E57F294E9BCC008BF2DE /* libraytracer-lib.a */,
			);
			name = Products;
			sourceTree = "<group>";
		};
		65B1E568294E9AF8008BF2DE /* raytracer */ = {
			isa = PBXGroup;
			children = (
				65B1E569294E9AF8008BF2DE /* main.cpp */,
			);
			path = raytracer;
			sourceTree = "<group>";
		};
		65B1E575294E9B48008BF2DE /* raytracer-tests */ = {
			isa = PBXGroup;
			children = (
				65B1E576294E9B48008BF2DE /* main.cpp */,
				65B1E591294E9D7A008BF2DE /* default_test.cpp */,
				65E6B2EB294EA63000F98D69 /* tuple_test.cpp */,
				65E6B2EE29553DBC00F98D69 /* colour_test.cpp */,
				65E6B2F6295548A300F98D69 /* canvas_test.cpp */,
				65E6B2FC295595FB00F98D69 /* matrix_test.cpp */,
				65587F6C2973C4D900485127 /* transformation_test.cpp */,
				65587F72298392EB00485127 /* ray_tests.cpp */,
				65587F78298398E000485127 /* object_test.cpp */,
				65CA49B9298D1A50008302BA /* lighting_test.cpp */,
				650515592998AA8100EAB3E0 /* world_test.cpp */,
				65B97750299F4E0100AB4A79 /* camera_test.cpp */,
			);
			path = "raytracer-tests";
			sourceTree = "<group>";
		};
		65B1E580294E9BCC008BF2DE /* raytracer-lib */ = {
			isa = PBXGroup;
			children = (
				65B1E581294E9BCC008BF2DE /* raytracer_lib.hpp */,
				65B1E585294E9BCC008BF2DE /* raytracer_lib.cpp */,
				65CA49C12991000E008302BA /* tuple.hpp */,
				65E6B2E7294EA43900F98D69 /* tuple_raw.cpp */,
				65E6B2E8294EA43900F98D69 /* tuple_raw.hpp */,
				65051543299102C900EAB3E0 /* tuple_simd.cpp */,
				65051544299102C900EAB3E0 /* tuple_simd.hpp */,
				65E6B2ED29553D5300F98D69 /* colour.hpp */,
				65E6B2F029553E4E00F98D69 /* colour.cpp */,
				65E6B2F2295547CD00F98D69 /* canvas.cpp */,
				65E6B2F3295547CD00F98D69 /* canvas.hpp */,
				65E6B2F82955925800F98D69 /* matrix_raw.cpp */,
				65E6B2F92955925800F98D69 /* matrix_raw.hpp */,
				65051552299623BD00EAB3E0 /* matrix_simd.cpp */,
				65051551299623BC00EAB3E0 /* matrix_simd.hpp */,
				65587F682973C45100485127 /* transformations.cpp */,
				65587F692973C45100485127 /* transformations.hpp */,
				65587F6E2983925400485127 /* ray.cpp */,
				65587F6F2983925400485127 /* ray.hpp */,
				65587F74298397D000485127 /* object.cpp */,
				65587F75298397D000485127 /* object.hpp */,
				65CA49B5298D1929008302BA /* lighting.cpp */,
				65CA49B6298D1929008302BA /* lighting.hpp */,
				65051547299605B200EAB3E0 /* matrix.hpp */,
				650515552998AA5D00EAB3E0 /* world.cpp */,
				650515562998AA5D00EAB3E0 /* world.hpp */,
				65B9774C299F48F300AB4A79 /* camera.cpp */,
				65B9774D299F48F300AB4A79 /* camera.hpp */,
				65B9775229A1B17E00AB4A79 /* intersection.cpp */,
				65B9775329A1B17E00AB4A79 /* intersection.hpp */,
			);
			path = "raytracer-lib";
			sourceTree = "<group>";
		};
		65B1E58C294E9BFB008BF2DE /* Frameworks */ = {
			isa = PBXGroup;
			children = (
			);
			name = Frameworks;
			sourceTree = "<group>";
		};
/* End PBXGroup section */

/* Begin PBXHeadersBuildPhase section */
		65B1E57B294E9BCC008BF2DE /* Headers */ = {
			isa = PBXHeadersBuildPhase;
			buildActionMask = 2147483647;
			files = (
				65051553299623BD00EAB3E0 /* matrix_simd.hpp in Headers */,
				65B9774F299F48F300AB4A79 /* camera.hpp in Headers */,
				65CA49B8298D1929008302BA /* lighting.hpp in Headers */,
				65B9775529A1B17E00AB4A79 /* intersection.hpp in Headers */,
				65B1E582294E9BCC008BF2DE /* raytracer_lib.hpp in Headers */,
				65E6B2FB2955925800F98D69 /* matrix_raw.hpp in Headers */,
				65E6B2EA294EA43900F98D69 /* tuple_raw.hpp in Headers */,
				65587F712983925400485127 /* ray.hpp in Headers */,
				65051548299605B200EAB3E0 /* matrix.hpp in Headers */,
				650515582998AA5D00EAB3E0 /* world.hpp in Headers */,
				65587F77298397D000485127 /* object.hpp in Headers */,
				65587F6B2973C45100485127 /* transformations.hpp in Headers */,
				65E6B2F5295547CD00F98D69 /* canvas.hpp in Headers */,
				65051546299102C900EAB3E0 /* tuple_simd.hpp in Headers */,
			);
			runOnlyForDeploymentPostprocessing = 0;
		};
/* End PBXHeadersBuildPhase section */

/* Begin PBXNativeTarget section */
		65B1E565294E9AF8008BF2DE /* raytracer */ = {
			isa = PBXNativeTarget;
			buildConfigurationList = 65B1E56D294E9AF8008BF2DE /* Build configuration list for PBXNativeTarget "raytracer" */;
			buildPhases = (
				65B1E562294E9AF8008BF2DE /* Sources */,
				65B1E563294E9AF8008BF2DE /* Frameworks */,
				65B1E564294E9AF8008BF2DE /* CopyFiles */,
			);
			buildRules = (
			);
			dependencies = (
				65B1E58F294E9CCB008BF2DE /* PBXTargetDependency */,
			);
			name = raytracer;
			productName = raytracer;
			productReference = 65B1E566294E9AF8008BF2DE /* raytracer */;
			productType = "com.apple.product-type.tool";
		};
		65B1E573294E9B48008BF2DE /* raytracer-tests */ = {
			isa = PBXNativeTarget;
			buildConfigurationList = 65B1E578294E9B48008BF2DE /* Build configuration list for PBXNativeTarget "raytracer-tests" */;
			buildPhases = (
				65B1E570294E9B48008BF2DE /* Sources */,
				65B1E571294E9B48008BF2DE /* Frameworks */,
				65B1E572294E9B48008BF2DE /* CopyFiles */,
			);
			buildRules = (
			);
			dependencies = (
				65B1E58B294E9BEE008BF2DE /* PBXTargetDependency */,
			);
			name = "raytracer-tests";
			productName = "raytracer-tests";
			productReference = 65B1E574294E9B48008BF2DE /* raytracer-tests */;
			productType = "com.apple.product-type.tool";
		};
		65B1E57E294E9BCC008BF2DE /* raytracer-lib */ = {
			isa = PBXNativeTarget;
			buildConfigurationList = 65B1E587294E9BCC008BF2DE /* Build configuration list for PBXNativeTarget "raytracer-lib" */;
			buildPhases = (
				65B1E57B294E9BCC008BF2DE /* Headers */,
				65B1E57C294E9BCC008BF2DE /* Sources */,
				65B1E57D294E9BCC008BF2DE /* Frameworks */,
			);
			buildRules = (
			);
			dependencies = (
			);
			name = "raytracer-lib";
			productName = "raytracer-lib";
			productReference = 65B1E57F294E9BCC008BF2DE /* libraytracer-lib.a */;
			productType = "com.apple.product-type.library.static";
		};
/* End PBXNativeTarget section */

/* Begin PBXProject section */
		65B1E55E294E9AF8008BF2DE /* Project object */ = {
			isa = PBXProject;
			attributes = {
				BuildIndependentTargetsInParallel = 1;
				LastUpgradeCheck = 1420;
				TargetAttributes = {
					65B1E565294E9AF8008BF2DE = {
						CreatedOnToolsVersion = 14.2;
					};
					65B1E573294E9B48008BF2DE = {
						CreatedOnToolsVersion = 14.2;
					};
					65B1E57E294E9BCC008BF2DE = {
						CreatedOnToolsVersion = 14.2;
					};
				};
			};
			buildConfigurationList = 65B1E561294E9AF8008BF2DE /* Build configuration list for PBXProject "raytracer" */;
			compatibilityVersion = "Xcode 14.0";
			developmentRegion = en;
			hasScannedForEncodings = 0;
			knownRegions = (
				en,
				Base,
			);
			mainGroup = 65B1E55D294E9AF8008BF2DE;
			productRefGroup = 65B1E567294E9AF8008BF2DE /* Products */;
			projectDirPath = "";
			projectRoot = "";
			targets = (
				65B1E565294E9AF8008BF2DE /* raytracer */,
				65B1E573294E9B48008BF2DE /* raytracer-tests */,
				65B1E57E294E9BCC008BF2DE /* raytracer-lib */,
			);
		};
/* End PBXProject section */

/* Begin PBXSourcesBuildPhase section */
		65B1E562294E9AF8008BF2DE /* Sources */ = {
			isa = PBXSourcesBuildPhase;
			buildActionMask = 2147483647;
			files = (
				65B1E56A294E9AF8008BF2DE /* main.cpp in Sources */,
			);
			runOnlyForDeploymentPostprocessing = 0;
		};
		65B1E570294E9B48008BF2DE /* Sources */ = {
			isa = PBXSourcesBuildPhase;
			buildActionMask = 2147483647;
			files = (
				65B1E577294E9B48008BF2DE /* main.cpp in Sources */,
				65B1E592294E9D7A008BF2DE /* default_test.cpp in Sources */,
				65587F6D2973C4D900485127 /* transformation_test.cpp in Sources */,
				65E6B2FD295595FB00F98D69 /* matrix_test.cpp in Sources */,
				65B97751299F4E0100AB4A79 /* camera_test.cpp in Sources */,
				6505155A2998AA8100EAB3E0 /* world_test.cpp in Sources */,
				65587F73298392EB00485127 /* ray_tests.cpp in Sources */,
				65E6B2F7295548A300F98D69 /* canvas_test.cpp in Sources */,
				65E6B2EC294EA63000F98D69 /* tuple_test.cpp in Sources */,
				65587F79298398E000485127 /* object_test.cpp in Sources */,
				65E6B2EF29553DBC00F98D69 /* colour_test.cpp in Sources */,
				65CA49BA298D1A50008302BA /* lighting_test.cpp in Sources */,
			);
			runOnlyForDeploymentPostprocessing = 0;
		};
		65B1E57C294E9BCC008BF2DE /* Sources */ = {
			isa = PBXSourcesBuildPhase;
			buildActionMask = 2147483647;
			files = (
				65B9774E299F48F300AB4A79 /* camera.cpp in Sources */,
				65051554299623BD00EAB3E0 /* matrix_simd.cpp in Sources */,
				65E6B2FA2955925800F98D69 /* matrix_raw.cpp in Sources */,
				65E6B2E9294EA43900F98D69 /* tuple_raw.cpp in Sources */,
				65CA49B7298D1929008302BA /* lighting.cpp in Sources */,
				65587F76298397D000485127 /* object.cpp in Sources */,
				65B9775429A1B17E00AB4A79 /* intersection.cpp in Sources */,
				65587F702983925400485127 /* ray.cpp in Sources */,
				65587F6A2973C45100485127 /* transformations.cpp in Sources */,
				65E6B2F129553E4E00F98D69 /* colour.cpp in Sources */,
				65B1E586294E9BCC008BF2DE /* raytracer_lib.cpp in Sources */,
				65E6B2F4295547CD00F98D69 /* canvas.cpp in Sources */,
				650515572998AA5D00EAB3E0 /* world.cpp in Sources */,
				65051545299102C900EAB3E0 /* tuple_simd.cpp in Sources */,
			);
			runOnlyForDeploymentPostprocessing = 0;
		};
/* End PBXSourcesBuildPhase section */

/* Begin PBXTargetDependency section */
		65B1E58B294E9BEE008BF2DE /* PBXTargetDependency */ = {
			isa = PBXTargetDependency;
			target = 65B1E57E294E9BCC008BF2DE /* raytracer-lib */;
			targetProxy = 65B1E58A294E9BEE008BF2DE /* PBXContainerItemProxy */;
		};
		65B1E58F294E9CCB008BF2DE /* PBXTargetDependency */ = {
			isa = PBXTargetDependency;
			target = 65B1E57E294E9BCC008BF2DE /* raytracer-lib */;
			targetProxy = 65B1E58E294E9CCB008BF2DE /* PBXContainerItemProxy */;
		};
/* End PBXTargetDependency section */

/* Begin XCBuildConfiguration section */
		65B1E56B294E9AF8008BF2DE /* Debug */ = {
			isa = XCBuildConfiguration;
			buildSettings = {
				ALWAYS_SEARCH_USER_PATHS = NO;
				CLANG_ANALYZER_NONNULL = YES;
				CLANG_ANALYZER_NUMBER_OBJECT_CONVERSION = YES_AGGRESSIVE;
				CLANG_CXX_LANGUAGE_STANDARD = "gnu++20";
				CLANG_ENABLE_MODULES = YES;
				CLANG_ENABLE_OBJC_ARC = YES;
				CLANG_ENABLE_OBJC_WEAK = YES;
				CLANG_WARN_BLOCK_CAPTURE_AUTORELEASING = YES;
				CLANG_WARN_BOOL_CONVERSION = YES;
				CLANG_WARN_COMMA = YES;
				CLANG_WARN_CONSTANT_CONVERSION = YES;
				CLANG_WARN_DEPRECATED_OBJC_IMPLEMENTATIONS = YES;
				CLANG_WARN_DIRECT_OBJC_ISA_USAGE = YES_ERROR;
				CLANG_WARN_DOCUMENTATION_COMMENTS = YES;
				CLANG_WARN_EMPTY_BODY = YES;
				CLANG_WARN_ENUM_CONVERSION = YES;
				CLANG_WARN_INFINITE_RECURSION = YES;
				CLANG_WARN_INT_CONVERSION = YES;
				CLANG_WARN_NON_LITERAL_NULL_CONVERSION = YES;
				CLANG_WARN_OBJC_IMPLICIT_RETAIN_SELF = YES;
				CLANG_WARN_OBJC_LITERAL_CONVERSION = YES;
				CLANG_WARN_OBJC_ROOT_CLASS = YES_ERROR;
				CLANG_WARN_QUOTED_INCLUDE_IN_FRAMEWORK_HEADER = YES;
				CLANG_WARN_RANGE_LOOP_ANALYSIS = YES;
				CLANG_WARN_STRICT_PROTOTYPES = YES;
				CLANG_WARN_SUSPICIOUS_MOVE = YES;
				CLANG_WARN_UNGUARDED_AVAILABILITY = YES_AGGRESSIVE;
				CLANG_WARN_UNREACHABLE_CODE = YES;
				CLANG_WARN__DUPLICATE_METHOD_MATCH = YES;
				COPY_PHASE_STRIP = NO;
				DEBUG_INFORMATION_FORMAT = dwarf;
				ENABLE_STRICT_OBJC_MSGSEND = YES;
				ENABLE_TESTABILITY = YES;
				GCC_C_LANGUAGE_STANDARD = gnu11;
				GCC_DYNAMIC_NO_PIC = NO;
				GCC_NO_COMMON_BLOCKS = YES;
				GCC_OPTIMIZATION_LEVEL = 0;
				GCC_PREPROCESSOR_DEFINITIONS = (
					"DEBUG=1",
					"$(inherited)",
				);
				GCC_WARN_64_TO_32_BIT_CONVERSION = YES;
				GCC_WARN_ABOUT_RETURN_TYPE = YES_ERROR;
				GCC_WARN_UNDECLARED_SELECTOR = YES;
				GCC_WARN_UNINITIALIZED_AUTOS = YES_AGGRESSIVE;
				GCC_WARN_UNUSED_FUNCTION = YES;
				GCC_WARN_UNUSED_VARIABLE = YES;
				MACOSX_DEPLOYMENT_TARGET = 13.0;
				MTL_ENABLE_DEBUG_INFO = INCLUDE_SOURCE;
				MTL_FAST_MATH = YES;
				ONLY_ACTIVE_ARCH = YES;
				SDKROOT = macosx;
			};
			name = Debug;
		};
		65B1E56C294E9AF8008BF2DE /* Release */ = {
			isa = XCBuildConfiguration;
			buildSettings = {
				ALWAYS_SEARCH_USER_PATHS = NO;
				CLANG_ANALYZER_NONNULL = YES;
				CLANG_ANALYZER_NUMBER_OBJECT_CONVERSION = YES_AGGRESSIVE;
				CLANG_CXX_LANGUAGE_STANDARD = "gnu++20";
				CLANG_ENABLE_MODULES = YES;
				CLANG_ENABLE_OBJC_ARC = YES;
				CLANG_ENABLE_OBJC_WEAK = YES;
				CLANG_WARN_BLOCK_CAPTURE_AUTORELEASING = YES;
				CLANG_WARN_BOOL_CONVERSION = YES;
				CLANG_WARN_COMMA = YES;
				CLANG_WARN_CONSTANT_CONVERSION = YES;
				CLANG_WARN_DEPRECATED_OBJC_IMPLEMENTATIONS = YES;
				CLANG_WARN_DIRECT_OBJC_ISA_USAGE = YES_ERROR;
				CLANG_WARN_DOCUMENTATION_COMMENTS = YES;
				CLANG_WARN_EMPTY_BODY = YES;
				CLANG_WARN_ENUM_CONVERSION = YES;
				CLANG_WARN_INFINITE_RECURSION = YES;
				CLANG_WARN_INT_CONVERSION = YES;
				CLANG_WARN_NON_LITERAL_NULL_CONVERSION = YES;
				CLANG_WARN_OBJC_IMPLICIT_RETAIN_SELF = YES;
				CLANG_WARN_OBJC_LITERAL_CONVERSION = YES;
				CLANG_WARN_OBJC_ROOT_CLASS = YES_ERROR;
				CLANG_WARN_QUOTED_INCLUDE_IN_FRAMEWORK_HEADER = YES;
				CLANG_WARN_RANGE_LOOP_ANALYSIS = YES;
				CLANG_WARN_STRICT_PROTOTYPES = YES;
				CLANG_WARN_SUSPICIOUS_MOVE = YES;
				CLANG_WARN_UNGUARDED_AVAILABILITY = YES_AGGRESSIVE;
				CLANG_WARN_UNREACHABLE_CODE = YES;
				CLANG_WARN__DUPLICATE_METHOD_MATCH = YES;
				COPY_PHASE_STRIP = NO;
				DEBUG_INFORMATION_FORMAT = "dwarf-with-dsym";
				ENABLE_NS_ASSERTIONS = NO;
				ENABLE_STRICT_OBJC_MSGSEND = YES;
				GCC_C_LANGUAGE_STANDARD = gnu11;
				GCC_NO_COMMON_BLOCKS = YES;
				GCC_WARN_64_TO_32_BIT_CONVERSION = YES;
				GCC_WARN_ABOUT_RETURN_TYPE = YES_ERROR;
				GCC_WARN_UNDECLARED_SELECTOR = YES;
				GCC_WARN_UNINITIALIZED_AUTOS = YES_AGGRESSIVE;
				GCC_WARN_UNUSED_FUNCTION = YES;
				GCC_WARN_UNUSED_VARIABLE = YES;
				MACOSX_DEPLOYMENT_TARGET = 13.0;
				MTL_ENABLE_DEBUG_INFO = NO;
				MTL_FAST_MATH = YES;
				SDKROOT = macosx;
			};
			name = Release;
		};
		65B1E56E294E9AF8008BF2DE /* Debug */ = {
			isa = XCBuildConfiguration;
			buildSettings = {
				CODE_SIGN_STYLE = Automatic;
				PRODUCT_NAME = "$(TARGET_NAME)";
			};
			name = Debug;
		};
		65B1E56F294E9AF8008BF2DE /* Release */ = {
			isa = XCBuildConfiguration;
			buildSettings = {
				CODE_SIGN_STYLE = Automatic;
				PRODUCT_NAME = "$(TARGET_NAME)";
			};
			name = Release;
		};
		65B1E579294E9B48008BF2DE /* Debug */ = {
			isa = XCBuildConfiguration;
			buildSettings = {
				CODE_SIGN_STYLE = Automatic;
				HEADER_SEARCH_PATHS = /opt/homebrew/include;
				LIBRARY_SEARCH_PATHS = /opt/homebrew/lib;
				OTHER_LDFLAGS = (
					"-l",
					gtest,
				);
				PRODUCT_NAME = "$(TARGET_NAME)";
			};
			name = Debug;
		};
		65B1E57A294E9B48008BF2DE /* Release */ = {
			isa = XCBuildConfiguration;
			buildSettings = {
				CODE_SIGN_STYLE = Automatic;
				HEADER_SEARCH_PATHS = /opt/homebrew/include;
				LIBRARY_SEARCH_PATHS = /opt/homebrew/lib;
				OTHER_LDFLAGS = (
					"-l",
					gtest,
				);
				PRODUCT_NAME = "$(TARGET_NAME)";
			};
			name = Release;
		};
		65B1E588294E9BCC008BF2DE /* Debug */ = {
			isa = XCBuildConfiguration;
			buildSettings = {
				CODE_SIGN_STYLE = Automatic;
				EXECUTABLE_PREFIX = lib;
				GCC_ENABLE_CPP_EXCEPTIONS = YES;
				GCC_ENABLE_CPP_RTTI = YES;
				PRODUCT_NAME = "$(TARGET_NAME)";
				SKIP_INSTALL = YES;
			};
			name = Debug;
		};
		65B1E589294E9BCC008BF2DE /* Release */ = {
			isa = XCBuildConfiguration;
			buildSettings = {
				CODE_SIGN_STYLE = Automatic;
				EXECUTABLE_PREFIX = lib;
				GCC_ENABLE_CPP_EXCEPTIONS = YES;
				GCC_ENABLE_CPP_RTTI = YES;
				PRODUCT_NAME = "$(TARGET_NAME)";
				SKIP_INSTALL = YES;
			};
			name = Release;
		};
/* End XCBuildConfiguration section */

/* Begin XCConfigurationList section */
		65B1E561294E9AF8008BF2DE /* Build configuration list for PBXProject "raytracer" */ = {
			isa = XCConfigurationList;
			buildConfigurations = (
				65B1E56B294E9AF8008BF2DE /* Debug */,
				65B1E56C294E9AF8008BF2DE /* Release */,
			);
			defaultConfigurationIsVisible = 0;
			defaultConfigurationName = Release;
		};
		65B1E56D294E9AF8008BF2DE /* Build configuration list for PBXNativeTarget "raytracer" */ = {
			isa = XCConfigurationList;
			buildConfigurations = (
				65B1E56E294E9AF8008BF2DE /* Debug */,
				65B1E56F294E9AF8008BF2DE /* Release */,
			);
			defaultConfigurationIsVisible = 0;
			defaultConfigurationName = Release;
		};
		65B1E578294E9B48008BF2DE /* Build configuration list for PBXNativeTarget "raytracer-tests" */ = {
			isa = XCConfigurationList;
			buildConfigurations = (
				65B1E579294E9B48008BF2DE /* Debug */,
				65B1E57A294E9B48008BF2DE /* Release */,
			);
			defaultConfigurationIsVisible = 0;
			defaultConfigurationName = Release;
		};
		65B1E587294E9BCC008BF2DE /* Build configuration list for PBXNativeTarget "raytracer-lib" */ = {
			isa = XCConfigurationList;
			buildConfigurations = (
				65B1E588294E9BCC008BF2DE /* Debug */,
				65B1E589294E9BCC008BF2DE /* Release */,
			);
			defaultConfigurationIsVisible = 0;
			defaultConfigurationName = Release;
		};
/* End XCConfigurationList section */
	};
	rootObject = 65B1E55E294E9AF8008BF2DE /* Project object */;
}
